
Microsoft Visual Studio Solution File, Format Version 12.00
# Visual Studio 15
VisualStudioVersion = 15.0.28307.329
MinimumVisualStudioVersion = 10.0.40219.1
Project("{FAE04EC0-301F-11D3-BF4B-00C04F79EFBC}") = "HelpDesk", "HelpDesk\HelpDesk.csproj", "{2F24046D-A322-429F-8E8D-52A72766AE42}"
EndProject
Project("{2150E333-8FDC-42A3-9474-1A3956D46DE8}") = "Solution Items", "Solution Items", "{EB802F83-E581-4C4B-9B16-7D00D66C9329}"
ProjectSection(SolutionItems) = preProject
GCop.json = GCop.json
EndProjectSection
EndProject

Global
	GlobalSection(SolutionConfigurationPlatforms) = preSolution
		Debug|Any CPU = Debug|Any CPU
		Release|Any CPU = Release|Any CPU
	EndGlobalSection
	GlobalSection(ProjectConfigurationPlatforms) = postSolution
		{2F24046D-A322-429F-8E8D-52A72766AE42}.Debug|Any CPU.ActiveCfg = Debug|Any CPU
		{2F24046D-A322-429F-8E8D-52A72766AE42}.Debug|Any CPU.Build.0 = Debug|Any CPU
		{2F24046D-A322-429F-8E8D-52A72766AE42}.Release|Any CPU.ActiveCfg = Release|Any CPU
		{2F24046D-A322-429F-8E8D-52A72766AE42}.Release|Any CPU.Build.0 = Release|Any CPU
	EndGlobalSection
	GlobalSection(SolutionProperties) = preSolution
		HideSolutionNode = FALSE
	EndGlobalSection
	GlobalSection(ExtensibilityGlobals) = postSolution
		SolutionGuid = {3EEE4B06-41F1-49F1-9520-55855842EB51}
	EndGlobalSection
EndGlobal
